
Microsoft Visual Studio Solution File, Format Version 12.00
# Visual Studio Version 16
VisualStudioVersion = 16.0.29123.88
MinimumVisualStudioVersion = 10.0.40219.1
Project("{9A19103F-16F7-4668-BE54-9A1E7A4F7556}") = "Plumber71.Core", "Plumber71.Core\Plumber71.Core.csproj", "{665845C9-8250-466E-9E64-F2A4B146BAEC}"
EndProject
Project("{9A19103F-16F7-4668-BE54-9A1E7A4F7556}") = "Plumber71.TestConsole", "Plumber71.TestConsole\Plumber71.TestConsole.csproj", "{5A83AFEE-780E-4567-85E8-F7E874634F0B}"
EndProject
Global
	GlobalSection(SolutionConfigurationPlatforms) = preSolution
		Debug|Any CPU = Debug|Any CPU
		Debug|iPhone = Debug|iPhone
		Debug|iPhoneSimulator = Debug|iPhoneSimulator
		Release|Any CPU = Release|Any CPU
		Release|iPhone = Release|iPhone
		Release|iPhoneSimulator = Release|iPhoneSimulator
	EndGlobalSection
	GlobalSection(ProjectConfigurationPlatforms) = postSolution
		{665845C9-8250-466E-9E64-F2A4B146BAEC}.Debug|Any CPU.ActiveCfg = Debug|Any CPU
		{665845C9-8250-466E-9E64-F2A4B146BAEC}.Debug|Any CPU.Build.0 = Debug|Any CPU
		{665845C9-8250-466E-9E64-F2A4B146BAEC}.Debug|iPhone.ActiveCfg = Debug|Any CPU
		{665845C9-8250-466E-9E64-F2A4B146BAEC}.Debug|iPhone.Build.0 = Debug|Any CPU
		{665845C9-8250-466E-9E64-F2A4B146BAEC}.Debug|iPhoneSimulator.ActiveCfg = Debug|Any CPU
		{665845C9-8250-466E-9E64-F2A4B146BAEC}.Debug|iPhoneSimulator.Build.0 = Debug|Any CPU
		{665845C9-8250-466E-9E64-F2A4B146BAEC}.Release|Any CPU.ActiveCfg = Release|Any CPU
		{665845C9-8250-466E-9E64-F2A4B146BAEC}.Release|Any CPU.Build.0 = Release|Any CPU
		{665845C9-8250-466E-9E64-F2A4B146BAEC}.Release|iPhone.ActiveCfg = Release|Any CPU
		{665845C9-8250-466E-9E64-F2A4B146BAEC}.Release|iPhone.Build.0 = Release|Any CPU
		{665845C9-8250-466E-9E64-F2A4B146BAEC}.Release|iPhoneSimulator.ActiveCfg = Release|Any CPU
		{665845C9-8250-466E-9E64-F2A4B146BAEC}.Release|iPhoneSimulator.Build.0 = Release|Any CPU
		{5A83AFEE-780E-4567-85E8-F7E874634F0B}.Debug|Any CPU.ActiveCfg = Debug|Any CPU
		{5A83AFEE-780E-4567-85E8-F7E874634F0B}.Debug|Any CPU.Build.0 = Debug|Any CPU
		{5A83AFEE-780E-4567-85E8-F7E874634F0B}.Debug|iPhone.ActiveCfg = Debug|Any CPU
		{5A83AFEE-780E-4567-85E8-F7E874634F0B}.Debug|iPhone.Build.0 = Debug|Any CPU
		{5A83AFEE-780E-4567-85E8-F7E874634F0B}.Debug|iPhoneSimulator.ActiveCfg = Debug|Any CPU
		{5A83AFEE-780E-4567-85E8-F7E874634F0B}.Debug|iPhoneSimulator.Build.0 = Debug|Any CPU
		{5A83AFEE-780E-4567-85E8-F7E874634F0B}.Release|Any CPU.ActiveCfg = Release|Any CPU
		{5A83AFEE-780E-4567-85E8-F7E874634F0B}.Release|Any CPU.Build.0 = Release|Any CPU
		{5A83AFEE-780E-4567-85E8-F7E874634F0B}.Release|iPhone.ActiveCfg = Release|Any CPU
		{5A83AFEE-780E-4567-85E8-F7E874634F0B}.Release|iPhone.Build.0 = Release|Any CPU
		{5A83AFEE-780E-4567-85E8-F7E874634F0B}.Release|iPhoneSimulator.ActiveCfg = Release|Any CPU
		{5A83AFEE-780E-4567-85E8-F7E874634F0B}.Release|iPhoneSimulator.Build.0 = Release|Any CPU
	EndGlobalSection
	GlobalSection(SolutionProperties) = preSolution
		HideSolutionNode = FALSE
	EndGlobalSection
	GlobalSection(ExtensibilityGlobals) = postSolution
		SolutionGuid = {CAF77236-44C6-453F-AF74-1376D2B8B24B}
	EndGlobalSection
EndGlobal
